<?xml version="1.0" encoding="utf-8"?>
<Project ToolsVersion="4.0" xmlns="http://schemas.microsoft.com/developer/msbuild/2003">
  <ItemGroup>
    <Filter Include="Source Files">
      <UniqueIdentifier>{4FC737F1-C7A5-4376-A066-2A32D752A2FF}</UniqueIdentifier>
      <Extensions>cpp;c;cc;cxx;c++;cppm;ixx;def;odl;idl;hpj;bat;asm;asmx</Extensions>
    </Filter>
    <Filter Include="Header Files">
      <UniqueIdentifier>{93995380-89BD-4b04-88EB-625FBE52EBFB}</UniqueIdentifier>
      <Extensions>h;hh;hpp;hxx;h++;hm;inl;inc;ipp;xsd</Extensions>
    </Filter>
    <Filter Include="Resource Files">
      <UniqueIdentifier>{67DA6AB6-F800-4c08-8B7A-83BB121AAD01}</UniqueIdentifier>
      <Extensions>rc;ico;cur;bmp;dlg;rc2;rct;bin;rgs;gif;jpg;jpeg;jpe;resx;tiff;tif;png;wav;mfcribbon-ms</Extensions>
    </Filter>
    <Filter Include="Header Files\log">
      <UniqueIdentifier>{5d0be4be-faeb-460d-8aec-da7271740cc5}</UniqueIdentifier>
    </Filter>
    <Filter Include="Header Files\scene">
      <UniqueIdentifier>{30b9fe10-4b9e-4fbc-8fa9-e8f1033e14e6}</UniqueIdentifier>
    </Filter>
    <Filter Include="Header Files\render">
      <UniqueIdentifier>{452873cb-a1a4-4f22-b6be-08e5aff0fc4b}</UniqueIdentifier>
    </Filter>
    <Filter Include="Header Files\entities">
      <UniqueIdentifier>{92882836-e527-401e-a1d9-9dbdf000fb65}</UniqueIdentifier>
    </Filter>
    <Filter Include="Header Files\engine">
      <UniqueIdentifier>{f60a0bc2-a6b4-4996-89e9-51059ecf9523}</UniqueIdentifier>
    </Filter>
    <Filter Include="Header Files\comp">
      <UniqueIdentifier>{31ae96e9-ac79-4a38-b3a8-5aa288fa5237}</UniqueIdentifier>
    </Filter>
    <Filter Include="Resource Files\shaders">
      <UniqueIdentifier>{3576aeab-f69f-4d98-844f-b2ba8a5e135f}</UniqueIdentifier>
    </Filter>
    <Filter Include="Header Files\loader">
      <UniqueIdentifier>{1a951fad-77a1-438b-b0b6-17de9430cbb9}</UniqueIdentifier>
    </Filter>
    <Filter Include="Resource Files\assets">
      <UniqueIdentifier>{46eb00da-055e-4bbe-98c9-76bd25aa4b50}</UniqueIdentifier>
    </Filter>
    <Filter Include="Resource Files\shaders\simple">
      <UniqueIdentifier>{ddf74b48-b723-43db-8a9a-28c6427ca510}</UniqueIdentifier>
    </Filter>
    <Filter Include="Resource Files\shaders\camera">
      <UniqueIdentifier>{45b88d30-c03e-4e2a-94b6-e86b34bf7b43}</UniqueIdentifier>
    </Filter>
    <Filter Include="Resource Files\shaders\light">
      <UniqueIdentifier>{ae3d9866-c301-4699-8edf-c4a18e0fb789}</UniqueIdentifier>
    </Filter>
    <Filter Include="Resource Files\shaders\light_caster">
      <UniqueIdentifier>{f9ba805d-0de1-4567-ac03-9ae43e2ec20c}</UniqueIdentifier>
    </Filter>
  </ItemGroup>
  <ItemGroup>
    <ClCompile Include="src\Engine.cpp">
      <Filter>Source Files</Filter>
    </ClCompile>
    <ClCompile Include="src\Game.cpp">
      <Filter>Source Files</Filter>
    </ClCompile>
    <ClCompile Include="src\Log.cpp">
      <Filter>Source Files</Filter>
    </ClCompile>
    <ClCompile Include="src\Window.cpp">
      <Filter>Source Files</Filter>
    </ClCompile>
    <ClCompile Include="src\Shader.cpp">
      <Filter>Source Files</Filter>
    </ClCompile>
    <ClCompile Include="src\Texture.cpp">
      <Filter>Source Files</Filter>
    </ClCompile>
    <ClCompile Include="src\GameLoop.cpp">
      <Filter>Source Files</Filter>
    </ClCompile>
    <ClCompile Include="src\glad.c">
      <Filter>Source Files</Filter>
    </ClCompile>
    <ClCompile Include="src\KeyMap.cpp">
      <Filter>Source Files</Filter>
    </ClCompile>
    <ClCompile Include="..\DemoPlaneGame\src\main.cpp">
      <Filter>Source Files</Filter>
    </ClCompile>
    <ClCompile Include="src\debug.cpp">
      <Filter>Source Files</Filter>
    </ClCompile>
    <ClCompile Include="src\Mesh.cpp">
      <Filter>Source Files</Filter>
    </ClCompile>
    <ClCompile Include="src\WindowCallback.cpp">
      <Filter>Source Files</Filter>
    </ClCompile>
    <ClCompile Include="src\Camera.cpp">
      <Filter>Source Files</Filter>
    </ClCompile>
    <ClCompile Include="src\Model.cpp">
      <Filter>Source Files</Filter>
    </ClCompile>
    <ClCompile Include="src\stb_image.cpp">
      <Filter>Source Files</Filter>
    </ClCompile>
    <ClCompile Include="src\Light.cpp">
      <Filter>Source Files</Filter>
    </ClCompile>
    <ClCompile Include="src\Material.cpp">
      <Filter>Source Files</Filter>
    </ClCompile>
    <ClCompile Include="src\Scene.cpp">
      <Filter>Source Files</Filter>
    </ClCompile>
    <ClCompile Include="src\_os_windows.cpp">
      <Filter>Source Files</Filter>
    </ClCompile>
  </ItemGroup>
  <ItemGroup>
    <ClInclude Include="src\Game.h">
      <Filter>Header Files</Filter>
    </ClInclude>
    <ClInclude Include="src\log.h">
      <Filter>Header Files\log</Filter>
    </ClInclude>
    <ClInclude Include="src\Window.h">
      <Filter>Header Files\render</Filter>
    </ClInclude>
    <ClInclude Include="src\Shader.h">
      <Filter>Header Files\render</Filter>
    </ClInclude>
    <ClInclude Include="src\Texture.h">
      <Filter>Header Files\render</Filter>
    </ClInclude>
    <ClInclude Include="src\Engine.h">
      <Filter>Header Files\engine</Filter>
    </ClInclude>
    <ClInclude Include="src\GameLoop.h">
      <Filter>Header Files\engine</Filter>
    </ClInclude>
    <ClInclude Include="src\KeyMap.h">
      <Filter>Header Files\engine</Filter>
    </ClInclude>
    <ClInclude Include="src\Mesh.h">
      <Filter>Header Files\comp</Filter>
    </ClInclude>
    <ClInclude Include="src\Camera.h">
      <Filter>Header Files\engine</Filter>
    </ClInclude>
    <ClInclude Include="..\include\stb_image.h">
      <Filter>Header Files</Filter>
    </ClInclude>
    <ClInclude Include="src\debug.h">
      <Filter>Header Files</Filter>
    </ClInclude>
    <ClInclude Include="src\types.h">
      <Filter>Header Files</Filter>
    </ClInclude>
    <ClInclude Include="src\Material.h">
      <Filter>Header Files\render</Filter>
    </ClInclude>
    <ClInclude Include="src\Model.h">
      <Filter>Header Files\comp</Filter>
    </ClInclude>
    <ClInclude Include="src\Light.h">
      <Filter>Header Files\render</Filter>
    </ClInclude>
    <ClInclude Include="src\OS.h">
      <Filter>Header Files</Filter>
    </ClInclude>
    <ClInclude Include="src\Scene.h">
      <Filter>Header Files\scene</Filter>
    </ClInclude>
  </ItemGroup>
  <ItemGroup>
    <None Include="shaders\simple.fs">
      <Filter>Resource Files\shaders\simple</Filter>
    </None>
    <None Include="shaders\simple.vs">
      <Filter>Resource Files\shaders\simple</Filter>
    </None>
    <None Include="shaders\camera.vs">
      <Filter>Resource Files\shaders\camera</Filter>
    </None>
    <None Include="shaders\camera.fs">
      <Filter>Resource Files\shaders\camera</Filter>
    </None>
    <None Include="src\movements.enums">
      <Filter>Header Files\engine</Filter>
    </None>
    <None Include="src\actions.enums">
      <Filter>Header Files\engine</Filter>
    </None>
    <None Include="shaders\light.vs">
      <Filter>Resource Files\shaders\light</Filter>
    </None>
    <None Include="shaders\light.fs">
      <Filter>Resource Files\shaders\light</Filter>
    </None>
    <None Include="shaders\light_source.fs">
      <Filter>Resource Files\shaders\light</Filter>
    </None>
    <None Include="shaders\light_source.vs">
      <Filter>Resource Files\shaders\light</Filter>
    </None>
    <None Include="src\tex_types.enums">
      <Filter>Header Files\render</Filter>
    </None>
    <None Include="shaders\light_caster.fs">
      <Filter>Resource Files\shaders\light_caster</Filter>
    </None>
    <None Include="shaders\light_caster.vs">
      <Filter>Resource Files\shaders\light_caster</Filter>
    </None>
    <None Include="shaders\light_caster.src.fs">
      <Filter>Resource Files\shaders\light_caster</Filter>
    </None>
    <None Include="shaders\light_caster.src.vs">
      <Filter>Resource Files\shaders\light_caster</Filter>
    </None>
    <None Include="shaders\bold_color.fs">
      <Filter>Resource Files\shaders\light_caster</Filter>
    </None>
    <None Include="shaders\bold_color.vs">
      <Filter>Resource Files\shaders\light_caster</Filter>
    </None>
  </ItemGroup>
  <ItemGroup>
    <CopyFileToFolders Include="..\lib\assimp-vc143-mt.dll">
      <Filter>Resource Files</Filter>
    </CopyFileToFolders>
  </ItemGroup>
</Project>